<?xml version="1.0" encoding="utf-8"?>
<Project ToolsVersion="4.0" xmlns="http://schemas.microsoft.com/developer/msbuild/2003">
  <ItemGroup>
    <Filter Include="Shader">
      <UniqueIdentifier>{229250e6-dc34-42a0-b9dd-149ab8642dc0}</UniqueIdentifier>
    </Filter>
    <Filter Include="Engine">
      <UniqueIdentifier>{0e67f0b1-60eb-4c2c-a4eb-ebb17c56e71b}</UniqueIdentifier>
    </Filter>
    <Filter Include="Engine\App">
      <UniqueIdentifier>{1d32c8c4-4f40-490e-a48e-f2c5411c5370}</UniqueIdentifier>
    </Filter>
    <Filter Include="Engine\Scene">
      <UniqueIdentifier>{ee0651f2-6940-49d1-9601-3d42a7ca4626}</UniqueIdentifier>
    </Filter>
    <Filter Include="Engine\Graphics">
      <UniqueIdentifier>{89bdae9d-ee8d-4821-b2b3-02e7b7cc67af}</UniqueIdentifier>
    </Filter>
    <Filter Include="Engine\Object">
      <UniqueIdentifier>{214ad895-9a88-476e-9357-6481d20e36e7}</UniqueIdentifier>
    </Filter>
    <Filter Include="Engine\IO">
      <UniqueIdentifier>{cf087d48-dfb1-464f-a1d0-6bf7833b5d70}</UniqueIdentifier>
    </Filter>
    <Filter Include="Engine\Math">
      <UniqueIdentifier>{057f8c81-8872-4276-a67e-2ea8535712c4}</UniqueIdentifier>
    </Filter>
    <Filter Include="Externals">
      <UniqueIdentifier>{b3ce4dd2-e560-4bc9-90d2-bf6e8115ae83}</UniqueIdentifier>
    </Filter>
    <Filter Include="Externals\imgui">
      <UniqueIdentifier>{e6f25119-1350-4feb-b86a-1f45c19543f5}</UniqueIdentifier>
    </Filter>
    <Filter Include="Application">
      <UniqueIdentifier>{c381eca7-9f7a-40ac-9542-05ab135be227}</UniqueIdentifier>
    </Filter>
    <Filter Include="Application\Weapon">
      <UniqueIdentifier>{c3adab7c-86e9-419f-8f9b-ff3ec8e859f6}</UniqueIdentifier>
    </Filter>
    <Filter Include="Application\Bullet">
      <UniqueIdentifier>{0d04984b-3623-4d05-8bbc-cbb9719c4ad4}</UniqueIdentifier>
    </Filter>
    <Filter Include="Application\Enemy">
      <UniqueIdentifier>{338e9d89-c9ff-42f2-8b8a-a91b3eb4154b}</UniqueIdentifier>
    </Filter>
    <Filter Include="Application\Enemy\Enemies">
      <UniqueIdentifier>{0909658e-4b05-4dbb-91bc-84769e3269ba}</UniqueIdentifier>
    </Filter>
    <Filter Include="Engine\Graphics\Lights">
      <UniqueIdentifier>{aa21c1f4-3532-4367-a17b-50bfdc1eb7ca}</UniqueIdentifier>
    </Filter>
  </ItemGroup>
  <ItemGroup>
    <ClCompile Include="Externals\imgui\imgui.cpp">
      <Filter>Externals\imgui</Filter>
    </ClCompile>
    <ClCompile Include="Externals\imgui\imgui_demo.cpp">
      <Filter>Externals\imgui</Filter>
    </ClCompile>
    <ClCompile Include="Externals\imgui\imgui_draw.cpp">
      <Filter>Externals\imgui</Filter>
    </ClCompile>
    <ClCompile Include="Externals\imgui\imgui_impl_dx12.cpp">
      <Filter>Externals\imgui</Filter>
    </ClCompile>
    <ClCompile Include="Externals\imgui\imgui_impl_win32.cpp">
      <Filter>Externals\imgui</Filter>
    </ClCompile>
    <ClCompile Include="Externals\imgui\imgui_tables.cpp">
      <Filter>Externals\imgui</Filter>
    </ClCompile>
    <ClCompile Include="Externals\imgui\imgui_widgets.cpp">
      <Filter>Externals\imgui</Filter>
    </ClCompile>
    <ClCompile Include="Engine\Math\Matrix4x4.cpp">
      <Filter>Engine\Math</Filter>
    </ClCompile>
    <ClCompile Include="Engine\Math\Vector3.cpp">
      <Filter>Engine\Math</Filter>
    </ClCompile>
    <ClCompile Include="Engine\Math\Lerp.cpp">
      <Filter>Engine\Math</Filter>
    </ClCompile>
    <ClCompile Include="Engine\Math\AABB.cpp">
      <Filter>Engine\Math</Filter>
    </ClCompile>
    <ClCompile Include="Engine\Graphics\ShaderCompiler.cpp">
      <Filter>Engine\Graphics</Filter>
    </ClCompile>
    <ClCompile Include="Engine\Graphics\DescriptorHeapManager.cpp">
      <Filter>Engine\Graphics</Filter>
    </ClCompile>
    <ClCompile Include="Engine\Graphics\Renderer.cpp">
      <Filter>Engine\Graphics</Filter>
    </ClCompile>
    <ClCompile Include="Engine\Graphics\RenderTargetManager.cpp">
      <Filter>Engine\Graphics</Filter>
    </ClCompile>
    <ClCompile Include="Engine\Math\Vector4.cpp">
      <Filter>Engine\Math</Filter>
    </ClCompile>
    <ClCompile Include="Engine\App\App.cpp">
      <Filter>Engine\App</Filter>
    </ClCompile>
    <ClCompile Include="Engine\App\Window.cpp">
      <Filter>Engine\App</Filter>
    </ClCompile>
    <ClCompile Include="Engine\Graphics\CommandListManager.cpp">
      <Filter>Engine\Graphics</Filter>
    </ClCompile>
    <ClCompile Include="Engine\Graphics\PipelineStateManager.cpp">
      <Filter>Engine\Graphics</Filter>
    </ClCompile>
    <ClCompile Include="Engine\Graphics\RootSignatureManager.cpp">
      <Filter>Engine\Graphics</Filter>
    </ClCompile>
    <ClCompile Include="Engine\Graphics\DeviceManager.cpp">
      <Filter>Engine\Graphics</Filter>
    </ClCompile>
    <ClCompile Include="Engine\Scene\BaseScene.cpp">
      <Filter>Engine\Scene</Filter>
    </ClCompile>
    <ClCompile Include="Engine\Scene\Camera.cpp">
      <Filter>Engine\Scene</Filter>
    </ClCompile>
    <ClCompile Include="Engine\Scene\DebugCamera.cpp">
      <Filter>Engine\Scene</Filter>
    </ClCompile>
    <ClCompile Include="Engine\Scene\GameContext.cpp">
      <Filter>Engine\Scene</Filter>
    </ClCompile>
    <ClCompile Include="Engine\Scene\SceneManager.cpp">
      <Filter>Engine\Scene</Filter>
    </ClCompile>
    <ClCompile Include="Engine\Object\Material.cpp">
      <Filter>Engine\Object</Filter>
    </ClCompile>
    <ClCompile Include="Engine\Object\Sprite.cpp">
      <Filter>Engine\Object</Filter>
    </ClCompile>
    <ClCompile Include="Engine\Object\Model.cpp">
      <Filter>Engine\Object</Filter>
    </ClCompile>
    <ClCompile Include="Engine\Object\ResourceManager.cpp">
      <Filter>Engine\Object</Filter>
    </ClCompile>
    <ClCompile Include="Engine\Math\Sphere.cpp">
      <Filter>Engine\Math</Filter>
    </ClCompile>
    <ClCompile Include="Engine\Io\Audio.cpp">
      <Filter>Engine\IO</Filter>
    </ClCompile>
    <ClCompile Include="Engine\Io\DumpExporter.cpp">
      <Filter>Engine\IO</Filter>
    </ClCompile>
    <ClCompile Include="Engine\Io\Input.cpp">
      <Filter>Engine\IO</Filter>
    </ClCompile>
    <ClCompile Include="Engine\Io\Logger.cpp">
      <Filter>Engine\IO</Filter>
    </ClCompile>
    <ClCompile Include="Application\GameScene.cpp">
      <Filter>Application</Filter>
    </ClCompile>
    <ClCompile Include="Application\Player.cpp">
      <Filter>Application</Filter>
    </ClCompile>
    <ClCompile Include="main.cpp" />
    <ClCompile Include="Engine\Graphics\FixFPS.cpp">
      <Filter>Engine\Graphics</Filter>
    </ClCompile>
    <ClCompile Include="Engine\Graphics\DirectXContext.cpp">
      <Filter>Engine\Graphics</Filter>
    </ClCompile>
    <ClCompile Include="Engine\Graphics\SRVManager.cpp">
      <Filter>Engine\Graphics</Filter>
    </ClCompile>
    <ClCompile Include="Engine\Object\Mesh.cpp">
      <Filter>Engine\Object</Filter>
    </ClCompile>
    <ClCompile Include="Engine\Object\InstancedModel.cpp">
      <Filter>Engine\Object</Filter>
    </ClCompile>
    <ClCompile Include="Application\Bullet\Bullet.cpp">
      <Filter>Application\Bullet</Filter>
    </ClCompile>
    <ClCompile Include="Application\Bullet\BulletManager.cpp">
      <Filter>Application\Bullet</Filter>
    </ClCompile>
    <ClCompile Include="Application\Bullet\FireBullet.cpp">
      <Filter>Application\Bullet</Filter>
    </ClCompile>
    <ClCompile Include="Application\Weapon\Weapons\AssaultRifle.cpp">
      <Filter>Application\Weapon</Filter>
    </ClCompile>
    <ClCompile Include="Application\Weapon\Weapons\FireBall.cpp">
      <Filter>Application\Weapon</Filter>
    </ClCompile>
    <ClCompile Include="Application\Weapon\WeaponManager.cpp">
      <Filter>Application\Weapon</Filter>
    </ClCompile>
    <ClCompile Include="Application\Bullet\NormalBullet.cpp">
      <Filter>Application\Bullet</Filter>
    </ClCompile>
    <ClCompile Include="Application\Enemy\Enemy.cpp">
      <Filter>Application\Enemy</Filter>
    </ClCompile>
    <ClCompile Include="Application\Enemy\EnemyManager.cpp">
      <Filter>Application\Enemy</Filter>
    </ClCompile>
    <ClCompile Include="Application\Enemy\Enemies\Bat.cpp">
      <Filter>Application\Enemy\Enemies</Filter>
    </ClCompile>
    <ClCompile Include="Application\Enemy\Enemies\HeavyKnight.cpp">
      <Filter>Application\Enemy\Enemies</Filter>
    </ClCompile>
    <ClCompile Include="Application\Enemy\Enemies\Knight.cpp">
      <Filter>Application\Enemy\Enemies</Filter>
    </ClCompile>
    <ClCompile Include="Engine\Object\LightManager.cpp">
      <Filter>Engine\Object</Filter>
    </ClCompile>
    <ClCompile Include="Application\Weapon\Weapons\Wavegun.cpp">
      <Filter>Application\Weapon</Filter>
    </ClCompile>
    <ClCompile Include="Application\Bullet\WaveBullet.cpp">
      <Filter>Application\Bullet</Filter>
    </ClCompile>
    <ClCompile Include="Application\Bullet\SpreadBullet.cpp">
      <Filter>Application\Bullet</Filter>
    </ClCompile>
    <ClCompile Include="Application\Bullet\RapidBullet.cpp">
      <Filter>Application\Bullet</Filter>
    </ClCompile>
    <ClCompile Include="Application\Weapon\Weapons\Shotgun.cpp">
      <Filter>Application\Weapon</Filter>
    </ClCompile>
    <ClCompile Include="Application\Weapon\RangedWeapon.cpp">
      <Filter>Application\Weapon</Filter>
    </ClCompile>
    <ClCompile Include="Application\Weapon\Weapons\Pistol.cpp">
      <Filter>Application\Weapon</Filter>
    </ClCompile>
    <ClCompile Include="Engine\Math\Vector2.cpp">
      <Filter>Engine\Math</Filter>
    </ClCompile>
    <ClCompile Include="Engine\Object\ParticleSystem.cpp">
      <Filter>Engine\Object</Filter>
    </ClCompile>
    <ClCompile Include="Engine\Object\ParticleField.cpp">
      <Filter>Engine\Object</Filter>
    </ClCompile>
    <ClCompile Include="Application\TitleScene.cpp">
      <Filter>Application</Filter>
    </ClCompile>
    <ClCompile Include="Application\Item.cpp">
      <Filter>Application</Filter>
    </ClCompile>
    <ClCompile Include="Application\ItemManager.cpp">
      <Filter>Application</Filter>
    </ClCompile>
    <ClCompile Include="Application\MapCheck.cpp">
      <Filter>Application</Filter>
    </ClCompile>
    <ClCompile Include="Application\MapTile.cpp">
      <Filter>Application</Filter>
    </ClCompile>
    <ClCompile Include="Application\Enemy\Enemies\RedBat.cpp">
      <Filter>Application</Filter>
    </ClCompile>
    <ClCompile Include="Application\CollisionChecker.cpp">
      <Filter>Application</Filter>
    </ClCompile>
    <ClCompile Include="Application\EffectManager.cpp">
      <Filter>Engine\Object</Filter>
    </ClCompile>
    <ClCompile Include="Engine\Graphics\ImGuiManager.cpp">
      <Filter>Engine\Graphics</Filter>
    </ClCompile>
  </ItemGroup>
  <ItemGroup>
    <FxCompile Include="Resources\shaders\Grid.PS.hlsl">
      <Filter>Shader</Filter>
    </FxCompile>
    <FxCompile Include="Resources\shaders\Grid.VS.hlsl">
      <Filter>Shader</Filter>
    </FxCompile>
    <FxCompile Include="Resources\shaders\Object3d.PS.hlsl">
      <Filter>Shader</Filter>
    </FxCompile>
    <FxCompile Include="Resources\shaders\Object3d.VS.hlsl">
      <Filter>Shader</Filter>
    </FxCompile>
    <FxCompile Include="Resources\shaders\Particle.PS.hlsl">
      <Filter>Shader</Filter>
    </FxCompile>
    <FxCompile Include="Resources\shaders\Particle.VS.hlsl">
      <Filter>Shader</Filter>
    </FxCompile>
    <FxCompile Include="Resources\shaders\Instance.VS.hlsl">
      <Filter>Shader</Filter>
    </FxCompile>
    <FxCompile Include="Resources\shaders\Instance.PS.hlsl">
      <Filter>Shader</Filter>
    </FxCompile>
  </ItemGroup>
  <ItemGroup>
    <ClInclude Include="Externals\imgui\imconfig.h">
      <Filter>Externals\imgui</Filter>
    </ClInclude>
    <ClInclude Include="Externals\imgui\imgui.h">
      <Filter>Externals\imgui</Filter>
    </ClInclude>
    <ClInclude Include="Externals\imgui\imgui_impl_dx12.h">
      <Filter>Externals\imgui</Filter>
    </ClInclude>
    <ClInclude Include="Externals\imgui\imgui_impl_win32.h">
      <Filter>Externals\imgui</Filter>
    </ClInclude>
    <ClInclude Include="Externals\imgui\imgui_internal.h">
      <Filter>Externals\imgui</Filter>
    </ClInclude>
    <ClInclude Include="Externals\imgui\imstb_rectpack.h">
      <Filter>Externals\imgui</Filter>
    </ClInclude>
    <ClInclude Include="Externals\imgui\imstb_textedit.h">
      <Filter>Externals\imgui</Filter>
    </ClInclude>
    <ClInclude Include="Externals\imgui\imstb_truetype.h">
      <Filter>Externals\imgui</Filter>
    </ClInclude>
    <ClInclude Include="Engine\Math\MathUtils.h">
      <Filter>Engine\Math</Filter>
    </ClInclude>
    <ClInclude Include="Engine\Math\Vector2.h">
      <Filter>Engine\Math</Filter>
    </ClInclude>
    <ClInclude Include="Engine\Math\Vector3.h">
      <Filter>Engine\Math</Filter>
    </ClInclude>
    <ClInclude Include="Engine\Math\Vector4.h">
      <Filter>Engine\Math</Filter>
    </ClInclude>
    <ClInclude Include="Engine\Math\Matrix3x3.h">
      <Filter>Engine\Math</Filter>
    </ClInclude>
    <ClInclude Include="Engine\Math\Matrix4x4.h">
      <Filter>Engine\Math</Filter>
    </ClInclude>
    <ClInclude Include="Engine\Math\Lerp.h">
      <Filter>Engine\Math</Filter>
    </ClInclude>
    <ClInclude Include="Engine\Math\AABB.h">
      <Filter>Engine\Math</Filter>
    </ClInclude>
    <ClInclude Include="Engine\Graphics\ShaderCompiler.h">
      <Filter>Engine\Graphics</Filter>
    </ClInclude>
    <ClInclude Include="Engine\Graphics\DescriptorHeapManager.h">
      <Filter>Engine\Graphics</Filter>
    </ClInclude>
    <ClInclude Include="Engine\Graphics\Renderer.h">
      <Filter>Engine\Graphics</Filter>
    </ClInclude>
    <ClInclude Include="Engine\Graphics\RenderTargetManager.h">
      <Filter>Engine\Graphics</Filter>
    </ClInclude>
    <ClInclude Include="Engine\App\App.h">
      <Filter>Engine\App</Filter>
    </ClInclude>
    <ClInclude Include="Engine\App\Window.h">
      <Filter>Engine\App</Filter>
    </ClInclude>
    <ClInclude Include="Engine\Scene\BaseScene.h">
      <Filter>Engine\Scene</Filter>
    </ClInclude>
    <ClInclude Include="Engine\Scene\SceneManager.h">
      <Filter>Engine\Scene</Filter>
    </ClInclude>
    <ClInclude Include="Engine\Graphics\CommandListManager.h">
      <Filter>Engine\Graphics</Filter>
    </ClInclude>
    <ClInclude Include="Engine\Graphics\DeviceManager.h">
      <Filter>Engine\Graphics</Filter>
    </ClInclude>
    <ClInclude Include="Engine\Graphics\RootSignatureManager.h">
      <Filter>Engine\Graphics</Filter>
    </ClInclude>
    <ClInclude Include="Engine\Graphics\PipelineStateManager.h">
      <Filter>Engine\Graphics</Filter>
    </ClInclude>
    <ClInclude Include="Engine\Scene\Camera.h">
      <Filter>Engine\Scene</Filter>
    </ClInclude>
    <ClInclude Include="Engine\Scene\DebugCamera.h">
      <Filter>Engine\Scene</Filter>
    </ClInclude>
    <ClInclude Include="Engine\Scene\GameContext.h">
      <Filter>Engine\Scene</Filter>
    </ClInclude>
    <ClInclude Include="Engine\Object\Model.h">
      <Filter>Engine\Object</Filter>
    </ClInclude>
    <ClInclude Include="Engine\Io\Audio.h">
      <Filter>Engine\IO</Filter>
    </ClInclude>
    <ClInclude Include="Engine\Io\DumpExporter.h">
      <Filter>Engine\IO</Filter>
    </ClInclude>
    <ClInclude Include="Engine\Io\Input.h">
      <Filter>Engine\IO</Filter>
    </ClInclude>
    <ClInclude Include="Engine\Io\Logger.h">
      <Filter>Engine\IO</Filter>
    </ClInclude>
    <ClInclude Include="Engine\Object\Material.h">
      <Filter>Engine\Object</Filter>
    </ClInclude>
    <ClInclude Include="Engine\Object\MaterialData.h">
      <Filter>Engine\Object</Filter>
    </ClInclude>
    <ClInclude Include="Engine\Object\ResourceManager.h">
      <Filter>Engine\Object</Filter>
    </ClInclude>
    <ClInclude Include="Engine\Math\Sphere.h">
      <Filter>Engine\Math</Filter>
    </ClInclude>
    <ClInclude Include="Engine\Object\Transform.h">
      <Filter>Engine\Object</Filter>
    </ClInclude>
    <ClInclude Include="Engine\Object\Texture.h">
      <Filter>Engine\Object</Filter>
    </ClInclude>
    <ClInclude Include="Engine\Object\Sprite.h">
      <Filter>Engine\Object</Filter>
    </ClInclude>
    <ClInclude Include="Engine\Object\TransformationMatrix.h">
      <Filter>Engine\Object</Filter>
    </ClInclude>
    <ClInclude Include="Engine\Object\VertexData.h">
      <Filter>Engine\Object</Filter>
    </ClInclude>
    <ClInclude Include="Application\GameScene.h">
      <Filter>Application</Filter>
    </ClInclude>
    <ClInclude Include="Application\Player.h">
      <Filter>Application</Filter>
    </ClInclude>
    <ClInclude Include="Engine\Graphics\FixFPS.h">
      <Filter>Engine\Graphics</Filter>
    </ClInclude>
    <ClInclude Include="Engine\Graphics\DirectXContext.h">
      <Filter>Engine\Graphics</Filter>
    </ClInclude>
    <ClInclude Include="Engine\Graphics\BlendMode.h">
      <Filter>Engine\Graphics</Filter>
    </ClInclude>
    <ClInclude Include="Engine\Graphics\SRVManager.h">
      <Filter>Engine\Graphics</Filter>
    </ClInclude>
    <ClInclude Include="Engine\Object\Mesh.h">
      <Filter>Engine\Object</Filter>
    </ClInclude>
    <ClInclude Include="Engine\Object\InstancedModel.h">
      <Filter>Engine\Object</Filter>
    </ClInclude>
    <ClInclude Include="Application\Bullet\Bullet.h">
      <Filter>Application\Bullet</Filter>
    </ClInclude>
    <ClInclude Include="Application\Bullet\BulletManager.h">
      <Filter>Application\Bullet</Filter>
    </ClInclude>
    <ClInclude Include="Application\Bullet\FireBullet.h">
      <Filter>Application\Bullet</Filter>
    </ClInclude>
    <ClInclude Include="Application\Weapon\Weapons\AssaultRifle.h">
      <Filter>Application\Weapon</Filter>
    </ClInclude>
    <ClInclude Include="Application\Weapon\Weapons\FireBall.h">
      <Filter>Application\Weapon</Filter>
    </ClInclude>
    <ClInclude Include="Application\Weapon\WeaponManager.h">
      <Filter>Application\Weapon</Filter>
    </ClInclude>
    <ClInclude Include="Application\Weapon\WeaponStatus.h">
      <Filter>Application\Weapon</Filter>
    </ClInclude>
    <ClInclude Include="Application\Bullet\NormalBullet.h">
      <Filter>Application\Bullet</Filter>
    </ClInclude>
    <ClInclude Include="Application\Enemy\Enemy.h">
      <Filter>Application\Enemy</Filter>
    </ClInclude>
    <ClInclude Include="Application\Enemy\EnemyManager.h">
      <Filter>Application\Enemy</Filter>
    </ClInclude>
    <ClInclude Include="Application\Enemy\EnemyStatus.h">
      <Filter>Application\Enemy</Filter>
    </ClInclude>
    <ClInclude Include="Application\Enemy\Enemies\Bat.h">
      <Filter>Application\Enemy\Enemies</Filter>
    </ClInclude>
    <ClInclude Include="Application\Enemy\Enemies\HeavyKnight.h">
      <Filter>Application\Enemy\Enemies</Filter>
    </ClInclude>
    <ClInclude Include="Application\Enemy\Enemies\Knight.h">
      <Filter>Application\Enemy\Enemies</Filter>
    </ClInclude>
    <ClInclude Include="Engine\Object\InstanceGPUData.h">
      <Filter>Engine\Object</Filter>
    </ClInclude>
    <ClInclude Include="Engine\Object\Lights\LightsForGPU.h">
      <Filter>Engine\Object</Filter>
    </ClInclude>
    <ClInclude Include="Engine\Object\LightManager.h">
      <Filter>Engine\Object</Filter>
    </ClInclude>
    <ClInclude Include="Application\Weapon\Weapons\Wavegun.h">
      <Filter>Application\Weapon</Filter>
    </ClInclude>
    <ClInclude Include="Application\Bullet\WaveBullet.h">
      <Filter>Application\Bullet</Filter>
    </ClInclude>
    <ClInclude Include="Application\Bullet\SpreadBullet.h">
      <Filter>Application\Bullet</Filter>
    </ClInclude>
    <ClInclude Include="Application\Bullet\RapidBullet.h">
      <Filter>Application\Bullet</Filter>
    </ClInclude>
    <ClInclude Include="Application\Weapon\Weapons\Shotgun.h">
      <Filter>Application\Weapon</Filter>
    </ClInclude>
    <ClInclude Include="Application\Weapon\RangedWeapon.h">
      <Filter>Application\Weapon</Filter>
    </ClInclude>
    <ClInclude Include="Application\Weapon\Weapons\Pistol.h">
      <Filter>Application\Weapon</Filter>
    </ClInclude>
    <ClInclude Include="Engine\Object\ParticleSystem.h">
      <Filter>Engine\Object</Filter>
    </ClInclude>
    <ClInclude Include="Engine\Object\ParticleField.h">
      <Filter>Engine\Object</Filter>
    </ClInclude>
    <ClInclude Include="Engine\Object\Particle.h">
      <Filter>Engine\Object</Filter>
    </ClInclude>
    <ClInclude Include="Application\TitleScene.h">
      <Filter>Application</Filter>
    </ClInclude>
    <ClInclude Include="Application\Item.h">
      <Filter>Application</Filter>
    </ClInclude>
    <ClInclude Include="Application\ItemManager.h">
      <Filter>Application</Filter>
    </ClInclude>
    <ClInclude Include="Application\MapCheck.h">
      <Filter>Application</Filter>
    </ClInclude>
    <ClInclude Include="Application\MapTile.h">
      <Filter>Application</Filter>
    </ClInclude>
    <ClInclude Include="Application\Rarity.h">
      <Filter>Application</Filter>
    </ClInclude>
    <ClInclude Include="Application\Enemy\Enemies\RedBat.h">
      <Filter>Application</Filter>
    </ClInclude>
    <ClInclude Include="Application\CollisionChecker.h">
      <Filter>Application</Filter>
    </ClInclude>
    <ClInclude Include="Engine\Graphics\CameraForGPU.h">
      <Filter>Engine\Graphics</Filter>
    </ClInclude>
    <ClInclude Include="Application\EffectManager.h">
      <Filter>Engine\Object</Filter>
    </ClInclude>
    <ClInclude Include="Engine\Object\Lights\DirectionalLight.h">
      <Filter>Engine\Graphics\Lights</Filter>
    </ClInclude>
    <ClInclude Include="Engine\Object\Lights\SpotLight.h">
      <Filter>Engine\Graphics\Lights</Filter>
    </ClInclude>
    <ClInclude Include="Engine\Object\Lights\PointLight.h">
      <Filter>Engine\Graphics\Lights</Filter>
    </ClInclude>
    <ClInclude Include="Engine\Graphics\ImGuiManager.h">
      <Filter>Engine\Graphics</Filter>
    </ClInclude>
    <ClInclude Include="Engine\Object\Data\ModelData.h">
      <Filter>Engine\Object</Filter>
    </ClInclude>
    <ClInclude Include="Engine\Object\Node.h">
      <Filter>Engine\Object</Filter>
    </ClInclude>
  </ItemGroup>
  <ItemGroup>
    <Text Include="Externals\imgui\LICENSE.txt">
      <Filter>Externals\imgui</Filter>
    </Text>
  </ItemGroup>
  <ItemGroup>
    <None Include="Resources\shaders\Object3d.hlsli">
      <Filter>Shader</Filter>
    </None>
    <None Include="Resources\shaders\Particle.hlsli">
      <Filter>Shader</Filter>
    </None>
    <None Include="Resources\shaders\Instance.hlsli">
      <Filter>Shader</Filter>
    </None>
  </ItemGroup>
</Project>