<?xml version="1.0" encoding="utf-8"?>
<Project ToolsVersion="4.0" xmlns="http://schemas.microsoft.com/developer/msbuild/2003">
  <ItemGroup>
    <Filter Include="Shader">
      <UniqueIdentifier>{229250e6-dc34-42a0-b9dd-149ab8642dc0}</UniqueIdentifier>
    </Filter>
    <Filter Include="Engine">
      <UniqueIdentifier>{0e67f0b1-60eb-4c2c-a4eb-ebb17c56e71b}</UniqueIdentifier>
    </Filter>
    <Filter Include="Engine\App">
      <UniqueIdentifier>{1d32c8c4-4f40-490e-a48e-f2c5411c5370}</UniqueIdentifier>
    </Filter>
    <Filter Include="Engine\Scene">
      <UniqueIdentifier>{ee0651f2-6940-49d1-9601-3d42a7ca4626}</UniqueIdentifier>
    </Filter>
    <Filter Include="Engine\Graphics">
      <UniqueIdentifier>{89bdae9d-ee8d-4821-b2b3-02e7b7cc67af}</UniqueIdentifier>
    </Filter>
    <Filter Include="Engine\Object">
      <UniqueIdentifier>{214ad895-9a88-476e-9357-6481d20e36e7}</UniqueIdentifier>
    </Filter>
    <Filter Include="Engine\IO">
      <UniqueIdentifier>{cf087d48-dfb1-464f-a1d0-6bf7833b5d70}</UniqueIdentifier>
    </Filter>
    <Filter Include="Engine\Math">
      <UniqueIdentifier>{057f8c81-8872-4276-a67e-2ea8535712c4}</UniqueIdentifier>
    </Filter>
    <Filter Include="Externals">
      <UniqueIdentifier>{b3ce4dd2-e560-4bc9-90d2-bf6e8115ae83}</UniqueIdentifier>
    </Filter>
    <Filter Include="Externals\imgui">
      <UniqueIdentifier>{e6f25119-1350-4feb-b86a-1f45c19543f5}</UniqueIdentifier>
    </Filter>
    <Filter Include="Application">
      <UniqueIdentifier>{c381eca7-9f7a-40ac-9542-05ab135be227}</UniqueIdentifier>
    </Filter>
  </ItemGroup>
  <ItemGroup>
    <ClCompile Include="externals\imgui\imgui.cpp">
      <Filter>Externals\imgui</Filter>
    </ClCompile>
    <ClCompile Include="externals\imgui\imgui_demo.cpp">
      <Filter>Externals\imgui</Filter>
    </ClCompile>
    <ClCompile Include="externals\imgui\imgui_draw.cpp">
      <Filter>Externals\imgui</Filter>
    </ClCompile>
    <ClCompile Include="externals\imgui\imgui_impl_dx12.cpp">
      <Filter>Externals\imgui</Filter>
    </ClCompile>
    <ClCompile Include="externals\imgui\imgui_impl_win32.cpp">
      <Filter>Externals\imgui</Filter>
    </ClCompile>
    <ClCompile Include="externals\imgui\imgui_tables.cpp">
      <Filter>Externals\imgui</Filter>
    </ClCompile>
    <ClCompile Include="externals\imgui\imgui_widgets.cpp">
      <Filter>Externals\imgui</Filter>
    </ClCompile>
    <ClCompile Include="engine\Math\Matrix4x4.cpp">
      <Filter>Engine\Math</Filter>
    </ClCompile>
    <ClCompile Include="engine\Math\Vector3.cpp">
      <Filter>Engine\Math</Filter>
    </ClCompile>
    <ClCompile Include="engine\Math\Lerp.cpp">
      <Filter>Engine\Math</Filter>
    </ClCompile>
    <ClCompile Include="engine\Math\AABB.cpp">
      <Filter>Engine\Math</Filter>
    </ClCompile>
    <ClCompile Include="engine\Graphics\ShaderCompiler.cpp">
      <Filter>Engine\Graphics</Filter>
    </ClCompile>
    <ClCompile Include="engine\Graphics\DescriptorHeapManager.cpp">
      <Filter>Engine\Graphics</Filter>
    </ClCompile>
    <ClCompile Include="engine\Graphics\Renderer.cpp">
      <Filter>Engine\Graphics</Filter>
    </ClCompile>
    <ClCompile Include="engine\Graphics\RenderTargetManager.cpp">
      <Filter>Engine\Graphics</Filter>
    </ClCompile>
    <ClCompile Include="engine\Math\Vector4.cpp">
      <Filter>Engine\Math</Filter>
    </ClCompile>
    <ClCompile Include="engine\App\App.cpp">
      <Filter>Engine\App</Filter>
    </ClCompile>
    <ClCompile Include="engine\App\Window.cpp">
      <Filter>Engine\App</Filter>
    </ClCompile>
    <ClCompile Include="engine\Graphics\CommandListManager.cpp">
      <Filter>Engine\Graphics</Filter>
    </ClCompile>
    <ClCompile Include="engine\Graphics\PipelineStateManager.cpp">
      <Filter>Engine\Graphics</Filter>
    </ClCompile>
    <ClCompile Include="engine\Graphics\RootSignatureManager.cpp">
      <Filter>Engine\Graphics</Filter>
    </ClCompile>
    <ClCompile Include="engine\Graphics\DeviceManager.cpp">
      <Filter>Engine\Graphics</Filter>
    </ClCompile>
    <ClCompile Include="engine\Scene\BaseScene.cpp">
      <Filter>Engine\Scene</Filter>
    </ClCompile>
    <ClCompile Include="engine\Scene\Camera.cpp">
      <Filter>Engine\Scene</Filter>
    </ClCompile>
    <ClCompile Include="engine\Scene\DebugCamera.cpp">
      <Filter>Engine\Scene</Filter>
    </ClCompile>
    <ClCompile Include="engine\Scene\GameContext.cpp">
      <Filter>Engine\Scene</Filter>
    </ClCompile>
    <ClCompile Include="engine\Scene\SceneManager.cpp">
      <Filter>Engine\Scene</Filter>
    </ClCompile>
    <ClCompile Include="engine\Object\Material.cpp">
      <Filter>Engine\Object</Filter>
    </ClCompile>
    <ClCompile Include="engine\Object\Sprite.cpp">
      <Filter>Engine\Object</Filter>
    </ClCompile>
    <ClCompile Include="engine\Object\Model.cpp">
      <Filter>Engine\Object</Filter>
    </ClCompile>
    <ClCompile Include="engine\Object\ResourceManager.cpp">
      <Filter>Engine\Object</Filter>
    </ClCompile>
    <ClCompile Include="engine\Math\Sphere.cpp">
      <Filter>Engine\Math</Filter>
    </ClCompile>
    <ClCompile Include="engine\Io\Audio.cpp">
      <Filter>Engine\IO</Filter>
    </ClCompile>
    <ClCompile Include="engine\Io\DumpExporter.cpp">
      <Filter>Engine\IO</Filter>
    </ClCompile>
    <ClCompile Include="engine\Io\Input.cpp">
      <Filter>Engine\IO</Filter>
    </ClCompile>
    <ClCompile Include="engine\Io\Logger.cpp">
      <Filter>Engine\IO</Filter>
    </ClCompile>
    <ClCompile Include="application\GameScene.cpp">
      <Filter>Application</Filter>
    </ClCompile>
    <ClCompile Include="application\Player.cpp">
      <Filter>Application</Filter>
    </ClCompile>
    <ClCompile Include="main.cpp" />
    <ClCompile Include="engine\Graphics\FixFPS.cpp">
      <Filter>Engine\Graphics</Filter>
    </ClCompile>
    <ClCompile Include="engine\Graphics\DirectXContext.cpp">
      <Filter>Engine\Graphics</Filter>
    </ClCompile>
    <ClCompile Include="application\PlayerBullet.cpp" />
    <ClCompile Include="engine\Object\Mesh.cpp" />
    <ClCompile Include="engine\Object\Entity.cpp" />
  </ItemGroup>
  <ItemGroup>
    <FxCompile Include="Resources\shaders\Grid.PS.hlsl">
      <Filter>Shader</Filter>
    </FxCompile>
    <FxCompile Include="Resources\shaders\Grid.VS.hlsl">
      <Filter>Shader</Filter>
    </FxCompile>
    <FxCompile Include="Resources\shaders\Object3d.PS.hlsl">
      <Filter>Shader</Filter>
    </FxCompile>
    <FxCompile Include="Resources\shaders\Object3d.VS.hlsl">
      <Filter>Shader</Filter>
    </FxCompile>
    <FxCompile Include="Resources\shaders\Particle.PS.hlsl">
      <Filter>Shader</Filter>
    </FxCompile>
    <FxCompile Include="Resources\shaders\Particle.VS.hlsl">
      <Filter>Shader</Filter>
    </FxCompile>
  </ItemGroup>
  <ItemGroup>
    <ClInclude Include="externals\imgui\imconfig.h">
      <Filter>Externals\imgui</Filter>
    </ClInclude>
    <ClInclude Include="externals\imgui\imgui.h">
      <Filter>Externals\imgui</Filter>
    </ClInclude>
    <ClInclude Include="externals\imgui\imgui_impl_dx12.h">
      <Filter>Externals\imgui</Filter>
    </ClInclude>
    <ClInclude Include="externals\imgui\imgui_impl_win32.h">
      <Filter>Externals\imgui</Filter>
    </ClInclude>
    <ClInclude Include="externals\imgui\imgui_internal.h">
      <Filter>Externals\imgui</Filter>
    </ClInclude>
    <ClInclude Include="externals\imgui\imstb_rectpack.h">
      <Filter>Externals\imgui</Filter>
    </ClInclude>
    <ClInclude Include="externals\imgui\imstb_textedit.h">
      <Filter>Externals\imgui</Filter>
    </ClInclude>
    <ClInclude Include="externals\imgui\imstb_truetype.h">
      <Filter>Externals\imgui</Filter>
    </ClInclude>
    <ClInclude Include="engine\Math\MathUtils.h">
      <Filter>Engine\Math</Filter>
    </ClInclude>
    <ClInclude Include="engine\Math\Vector2.h">
      <Filter>Engine\Math</Filter>
    </ClInclude>
    <ClInclude Include="engine\Math\Vector3.h">
      <Filter>Engine\Math</Filter>
    </ClInclude>
    <ClInclude Include="engine\Math\Vector4.h">
      <Filter>Engine\Math</Filter>
    </ClInclude>
    <ClInclude Include="engine\Math\Matrix3x3.h">
      <Filter>Engine\Math</Filter>
    </ClInclude>
    <ClInclude Include="engine\Math\Matrix4x4.h">
      <Filter>Engine\Math</Filter>
    </ClInclude>
    <ClInclude Include="engine\Math\Lerp.h">
      <Filter>Engine\Math</Filter>
    </ClInclude>
    <ClInclude Include="engine\Math\AABB.h">
      <Filter>Engine\Math</Filter>
    </ClInclude>
    <ClInclude Include="engine\Graphics\ShaderCompiler.h">
      <Filter>Engine\Graphics</Filter>
    </ClInclude>
    <ClInclude Include="engine\Graphics\DescriptorHeapManager.h">
      <Filter>Engine\Graphics</Filter>
    </ClInclude>
    <ClInclude Include="engine\Graphics\Renderer.h">
      <Filter>Engine\Graphics</Filter>
    </ClInclude>
    <ClInclude Include="engine\Graphics\RenderTargetManager.h">
      <Filter>Engine\Graphics</Filter>
    </ClInclude>
    <ClInclude Include="engine\App\App.h">
      <Filter>Engine\App</Filter>
    </ClInclude>
    <ClInclude Include="engine\App\Window.h">
      <Filter>Engine\App</Filter>
    </ClInclude>
    <ClInclude Include="engine\Scene\BaseScene.h">
      <Filter>Engine\Scene</Filter>
    </ClInclude>
    <ClInclude Include="engine\Scene\SceneManager.h">
      <Filter>Engine\Scene</Filter>
    </ClInclude>
    <ClInclude Include="engine\Graphics\CommandListManager.h">
      <Filter>Engine\Graphics</Filter>
    </ClInclude>
    <ClInclude Include="engine\Graphics\DeviceManager.h">
      <Filter>Engine\Graphics</Filter>
    </ClInclude>
    <ClInclude Include="engine\Graphics\RootSignatureManager.h">
      <Filter>Engine\Graphics</Filter>
    </ClInclude>
    <ClInclude Include="engine\Graphics\PipelineStateManager.h">
      <Filter>Engine\Graphics</Filter>
    </ClInclude>
    <ClInclude Include="engine\Scene\Camera.h">
      <Filter>Engine\Scene</Filter>
    </ClInclude>
    <ClInclude Include="engine\Scene\DebugCamera.h">
      <Filter>Engine\Scene</Filter>
    </ClInclude>
    <ClInclude Include="engine\Scene\DirectionalLight.h">
      <Filter>Engine\Scene</Filter>
    </ClInclude>
    <ClInclude Include="engine\Scene\GameContext.h">
      <Filter>Engine\Scene</Filter>
    </ClInclude>
    <ClInclude Include="engine\Object\Model.h">
      <Filter>Engine\Object</Filter>
    </ClInclude>
    <ClInclude Include="engine\Io\Audio.h">
      <Filter>Engine\IO</Filter>
    </ClInclude>
    <ClInclude Include="engine\Io\DumpExporter.h">
      <Filter>Engine\IO</Filter>
    </ClInclude>
    <ClInclude Include="engine\Io\Input.h">
      <Filter>Engine\IO</Filter>
    </ClInclude>
    <ClInclude Include="engine\Io\Logger.h">
      <Filter>Engine\IO</Filter>
    </ClInclude>
    <ClInclude Include="engine\Object\Material.h">
      <Filter>Engine\Object</Filter>
    </ClInclude>
    <ClInclude Include="engine\Object\MaterialData.h">
      <Filter>Engine\Object</Filter>
    </ClInclude>
    <ClInclude Include="engine\Object\ResourceManager.h">
      <Filter>Engine\Object</Filter>
    </ClInclude>
    <ClInclude Include="engine\Math\Sphere.h">
      <Filter>Engine\Math</Filter>
    </ClInclude>
    <ClInclude Include="engine\Object\Transform.h">
      <Filter>Engine\Object</Filter>
    </ClInclude>
    <ClInclude Include="engine\Object\Texture.h">
      <Filter>Engine\Object</Filter>
    </ClInclude>
    <ClInclude Include="engine\Object\Sprite.h">
      <Filter>Engine\Object</Filter>
    </ClInclude>
    <ClInclude Include="engine\Object\TransformationMatrix.h">
      <Filter>Engine\Object</Filter>
    </ClInclude>
    <ClInclude Include="engine\Object\VertexData.h">
      <Filter>Engine\Object</Filter>
    </ClInclude>
    <ClInclude Include="application\GameScene.h">
      <Filter>Application</Filter>
    </ClInclude>
    <ClInclude Include="application\Player.h">
      <Filter>Application</Filter>
    </ClInclude>
    <ClInclude Include="engine\Graphics\FixFPS.h">
      <Filter>Engine\Graphics</Filter>
    </ClInclude>
    <ClInclude Include="engine\Graphics\DirectXContext.h">
      <Filter>Engine\Graphics</Filter>
    </ClInclude>
    <ClInclude Include="engine\Graphics\BlendMode.h">
      <Filter>Engine\Graphics</Filter>
    </ClInclude>
    <ClInclude Include="application\PlayerBullet.h" />
    <ClInclude Include="engine\Object\Mesh.h" />
    <ClInclude Include="engine\Object\Entity.h" />
  </ItemGroup>
  <ItemGroup>
    <Text Include="externals\imgui\LICENSE.txt">
      <Filter>Externals\imgui</Filter>
    </Text>
  </ItemGroup>
  <ItemGroup>
    <None Include="Resources\shaders\Object3d.hlsli">
      <Filter>Shader</Filter>
    </None>
    <None Include="Resources\shaders\Particle.hlsli">
      <Filter>Shader</Filter>
    </None>
  </ItemGroup>
</Project>